// !$*UTF8*$!
{
	archiveVersion = 1;
	classes = {
	};
	objectVersion = 56;
	objects = {

/* Begin PBXBuildFile section */
		D98D88DE2C1B7DEE00982E23 /* Localizable.strings in Resources */ = {isa = PBXBuildFile; fileRef = D98D88E02C1B7DEE00982E23 /* Localizable.strings */; };
		D98D88E22C1B7E8500982E23 /* Localizable.stringsdict in Resources */ = {isa = PBXBuildFile; fileRef = D98D88E42C1B7E8500982E23 /* Localizable.stringsdict */; };
		D98D88ED2C1B801C00982E23 /* Awards.json in Resources */ = {isa = PBXBuildFile; fileRef = D98D88EF2C1B801C00982E23 /* Awards.json */; };
		D98D88F22C1CE13200982E23 /* SidebarViewToolbar.swift in Sources */ = {isa = PBXBuildFile; fileRef = D98D88F12C1CE13200982E23 /* SidebarViewToolbar.swift */; };
		D98D88F42C1CE2D800982E23 /* IssueViewToolbar.swift in Sources */ = {isa = PBXBuildFile; fileRef = D98D88F32C1CE2D800982E23 /* IssueViewToolbar.swift */; };
		D98D88F62C1CE37800982E23 /* ContentViewToolbar.swift in Sources */ = {isa = PBXBuildFile; fileRef = D98D88F52C1CE37800982E23 /* ContentViewToolbar.swift */; };
		D98D88F82C1CE5D400982E23 /* TagsMenuView.swift in Sources */ = {isa = PBXBuildFile; fileRef = D98D88F72C1CE5D400982E23 /* TagsMenuView.swift */; };
		D98D88FA2C1CE6E300982E23 /* SmartFilterRow.swift in Sources */ = {isa = PBXBuildFile; fileRef = D98D88F92C1CE6E300982E23 /* SmartFilterRow.swift */; };
		D98D88FC2C1CE76E00982E23 /* UserFilterRow.swift in Sources */ = {isa = PBXBuildFile; fileRef = D98D88FB2C1CE76E00982E23 /* UserFilterRow.swift */; };
		D98D891E2C236FA900982E23 /* PortfolioAppTests.swift in Sources */ = {isa = PBXBuildFile; fileRef = D98D891D2C236FA900982E23 /* PortfolioAppTests.swift */; };
		D98D89252C2370F500982E23 /* AssetTests.swift in Sources */ = {isa = PBXBuildFile; fileRef = D98D89242C2370F500982E23 /* AssetTests.swift */; };
		D994775E2C0EA3B8009B32AB /* PortfolioAppApp.swift in Sources */ = {isa = PBXBuildFile; fileRef = D994775D2C0EA3B8009B32AB /* PortfolioAppApp.swift */; };
		D99477602C0EA3B8009B32AB /* ContentView.swift in Sources */ = {isa = PBXBuildFile; fileRef = D994775F2C0EA3B8009B32AB /* ContentView.swift */; };
		D99477622C0EA3B9009B32AB /* Assets.xcassets in Resources */ = {isa = PBXBuildFile; fileRef = D99477612C0EA3B9009B32AB /* Assets.xcassets */; };
		D99477662C0EA3B9009B32AB /* Preview Assets.xcassets in Resources */ = {isa = PBXBuildFile; fileRef = D99477652C0EA3B9009B32AB /* Preview Assets.xcassets */; };
		D994776E2C0EA5DA009B32AB /* Main.xcdatamodeld in Sources */ = {isa = PBXBuildFile; fileRef = D994776C2C0EA5DA009B32AB /* Main.xcdatamodeld */; };
		D99477702C0EA7C4009B32AB /* DataController.swift in Sources */ = {isa = PBXBuildFile; fileRef = D994776F2C0EA7C4009B32AB /* DataController.swift */; };
		D99477732C0EAECD009B32AB /* SidebarView.swift in Sources */ = {isa = PBXBuildFile; fileRef = D99477722C0EAECD009B32AB /* SidebarView.swift */; };
		D99477762C0EAEE2009B32AB /* DetailView.swift in Sources */ = {isa = PBXBuildFile; fileRef = D99477752C0EAEE2009B32AB /* DetailView.swift */; };
		D99477782C0EAFD7009B32AB /* Filter.swift in Sources */ = {isa = PBXBuildFile; fileRef = D99477772C0EAFD7009B32AB /* Filter.swift */; };
		D994777A2C0FA092009B32AB /* CoreDataHelpers.swift in Sources */ = {isa = PBXBuildFile; fileRef = D99477792C0FA092009B32AB /* CoreDataHelpers.swift */; };
		D994777C2C0FA196009B32AB /* TagCoreDataHelpers.swift in Sources */ = {isa = PBXBuildFile; fileRef = D994777B2C0FA196009B32AB /* TagCoreDataHelpers.swift */; };
		D994777E2C10F1E6009B32AB /* IssueRowView.swift in Sources */ = {isa = PBXBuildFile; fileRef = D994777D2C10F1E6009B32AB /* IssueRowView.swift */; };
		D99477802C1242F1009B32AB /* IssueView.swift in Sources */ = {isa = PBXBuildFile; fileRef = D994777F2C1242F1009B32AB /* IssueView.swift */; };
		D99477822C1242F5009B32AB /* NoIssueView.swift in Sources */ = {isa = PBXBuildFile; fileRef = D99477812C1242F5009B32AB /* NoIssueView.swift */; };
		D99477842C19DB2E009B32AB /* Bundle-Decodable.swift in Sources */ = {isa = PBXBuildFile; fileRef = D99477832C19DB2E009B32AB /* Bundle-Decodable.swift */; };
		D99477882C19E1DA009B32AB /* Colors.xcassets in Resources */ = {isa = PBXBuildFile; fileRef = D99477862C19E1DA009B32AB /* Colors.xcassets */; };
		D994778A2C19E273009B32AB /* Award.swift in Sources */ = {isa = PBXBuildFile; fileRef = D99477892C19E273009B32AB /* Award.swift */; };
		D994778C2C19E31D009B32AB /* AwardsView.swift in Sources */ = {isa = PBXBuildFile; fileRef = D994778B2C19E31D009B32AB /* AwardsView.swift */; };
/* End PBXBuildFile section */

/* Begin PBXContainerItemProxy section */
		D98D891F2C236FA900982E23 /* PBXContainerItemProxy */ = {
			isa = PBXContainerItemProxy;
			containerPortal = D99477522C0EA3B8009B32AB /* Project object */;
			proxyType = 1;
			remoteGlobalIDString = D99477592C0EA3B8009B32AB;
			remoteInfo = PortfolioApp;
		};
/* End PBXContainerItemProxy section */

/* Begin PBXFileReference section */
		D98D88DF2C1B7DEE00982E23 /* en */ = {isa = PBXFileReference; lastKnownFileType = text.plist.strings; name = en; path = en.lproj/Localizable.strings; sourceTree = "<group>"; };
		D98D88E12C1B7E0600982E23 /* hu */ = {isa = PBXFileReference; lastKnownFileType = text.plist.strings; name = hu; path = hu.lproj/Localizable.strings; sourceTree = "<group>"; };
		D98D88E32C1B7E8500982E23 /* en */ = {isa = PBXFileReference; lastKnownFileType = text.plist.stringsdict; name = en; path = en.lproj/Localizable.stringsdict; sourceTree = "<group>"; };
		D98D88E52C1B7E8E00982E23 /* hu */ = {isa = PBXFileReference; lastKnownFileType = text.plist.stringsdict; name = hu; path = hu.lproj/Localizable.stringsdict; sourceTree = "<group>"; };
		D98D88EE2C1B801C00982E23 /* en */ = {isa = PBXFileReference; lastKnownFileType = text.json; name = en; path = en.lproj/Awards.json; sourceTree = "<group>"; };
		D98D88F02C1B802C00982E23 /* hu */ = {isa = PBXFileReference; lastKnownFileType = text.json; name = hu; path = hu.lproj/Awards.json; sourceTree = "<group>"; };
		D98D88F12C1CE13200982E23 /* SidebarViewToolbar.swift */ = {isa = PBXFileReference; lastKnownFileType = sourcecode.swift; path = SidebarViewToolbar.swift; sourceTree = "<group>"; };
		D98D88F32C1CE2D800982E23 /* IssueViewToolbar.swift */ = {isa = PBXFileReference; lastKnownFileType = sourcecode.swift; path = IssueViewToolbar.swift; sourceTree = "<group>"; };
		D98D88F52C1CE37800982E23 /* ContentViewToolbar.swift */ = {isa = PBXFileReference; lastKnownFileType = sourcecode.swift; path = ContentViewToolbar.swift; sourceTree = "<group>"; };
		D98D88F72C1CE5D400982E23 /* TagsMenuView.swift */ = {isa = PBXFileReference; lastKnownFileType = sourcecode.swift; path = TagsMenuView.swift; sourceTree = "<group>"; };
		D98D88F92C1CE6E300982E23 /* SmartFilterRow.swift */ = {isa = PBXFileReference; lastKnownFileType = sourcecode.swift; path = SmartFilterRow.swift; sourceTree = "<group>"; };
		D98D88FB2C1CE76E00982E23 /* UserFilterRow.swift */ = {isa = PBXFileReference; lastKnownFileType = sourcecode.swift; path = UserFilterRow.swift; sourceTree = "<group>"; };
		D98D88FE2C2219DF00982E23 /* README.md */ = {isa = PBXFileReference; lastKnownFileType = net.daringfireball.markdown; path = README.md; sourceTree = "<group>"; };
		D98D891B2C236FA900982E23 /* PortfolioAppTests.xctest */ = {isa = PBXFileReference; explicitFileType = wrapper.cfbundle; includeInIndex = 0; path = PortfolioAppTests.xctest; sourceTree = BUILT_PRODUCTS_DIR; };
		D98D891D2C236FA900982E23 /* PortfolioAppTests.swift */ = {isa = PBXFileReference; lastKnownFileType = sourcecode.swift; path = PortfolioAppTests.swift; sourceTree = "<group>"; };
		D98D89242C2370F500982E23 /* AssetTests.swift */ = {isa = PBXFileReference; lastKnownFileType = sourcecode.swift; path = AssetTests.swift; sourceTree = "<group>"; };
		D994775A2C0EA3B8009B32AB /* PortfolioApp.app */ = {isa = PBXFileReference; explicitFileType = wrapper.application; includeInIndex = 0; path = PortfolioApp.app; sourceTree = BUILT_PRODUCTS_DIR; };
		D994775D2C0EA3B8009B32AB /* PortfolioAppApp.swift */ = {isa = PBXFileReference; lastKnownFileType = sourcecode.swift; path = PortfolioAppApp.swift; sourceTree = "<group>"; };
		D994775F2C0EA3B8009B32AB /* ContentView.swift */ = {isa = PBXFileReference; lastKnownFileType = sourcecode.swift; path = ContentView.swift; sourceTree = "<group>"; };
		D99477612C0EA3B9009B32AB /* Assets.xcassets */ = {isa = PBXFileReference; lastKnownFileType = folder.assetcatalog; path = Assets.xcassets; sourceTree = "<group>"; };
		D99477632C0EA3B9009B32AB /* PortfolioApp.entitlements */ = {isa = PBXFileReference; lastKnownFileType = text.plist.entitlements; path = PortfolioApp.entitlements; sourceTree = "<group>"; };
		D99477652C0EA3B9009B32AB /* Preview Assets.xcassets */ = {isa = PBXFileReference; lastKnownFileType = folder.assetcatalog; path = "Preview Assets.xcassets"; sourceTree = "<group>"; };
		D994776D2C0EA5DA009B32AB /* Main.xcdatamodel */ = {isa = PBXFileReference; lastKnownFileType = wrapper.xcdatamodel; path = Main.xcdatamodel; sourceTree = "<group>"; };
		D994776F2C0EA7C4009B32AB /* DataController.swift */ = {isa = PBXFileReference; lastKnownFileType = sourcecode.swift; path = DataController.swift; sourceTree = "<group>"; };
		D99477712C0EACB4009B32AB /* Info.plist */ = {isa = PBXFileReference; lastKnownFileType = text.plist.xml; path = Info.plist; sourceTree = "<group>"; };
		D99477722C0EAECD009B32AB /* SidebarView.swift */ = {isa = PBXFileReference; lastKnownFileType = sourcecode.swift; path = SidebarView.swift; sourceTree = "<group>"; };
		D99477752C0EAEE2009B32AB /* DetailView.swift */ = {isa = PBXFileReference; lastKnownFileType = sourcecode.swift; path = DetailView.swift; sourceTree = "<group>"; };
		D99477772C0EAFD7009B32AB /* Filter.swift */ = {isa = PBXFileReference; lastKnownFileType = sourcecode.swift; path = Filter.swift; sourceTree = "<group>"; };
		D99477792C0FA092009B32AB /* CoreDataHelpers.swift */ = {isa = PBXFileReference; lastKnownFileType = sourcecode.swift; path = CoreDataHelpers.swift; sourceTree = "<group>"; };
		D994777B2C0FA196009B32AB /* TagCoreDataHelpers.swift */ = {isa = PBXFileReference; lastKnownFileType = sourcecode.swift; path = TagCoreDataHelpers.swift; sourceTree = "<group>"; };
		D994777D2C10F1E6009B32AB /* IssueRowView.swift */ = {isa = PBXFileReference; lastKnownFileType = sourcecode.swift; path = IssueRowView.swift; sourceTree = "<group>"; };
		D994777F2C1242F1009B32AB /* IssueView.swift */ = {isa = PBXFileReference; lastKnownFileType = sourcecode.swift; path = IssueView.swift; sourceTree = "<group>"; };
		D99477812C1242F5009B32AB /* NoIssueView.swift */ = {isa = PBXFileReference; lastKnownFileType = sourcecode.swift; path = NoIssueView.swift; sourceTree = "<group>"; };
		D99477832C19DB2E009B32AB /* Bundle-Decodable.swift */ = {isa = PBXFileReference; lastKnownFileType = sourcecode.swift; path = "Bundle-Decodable.swift"; sourceTree = "<group>"; };
		D99477862C19E1DA009B32AB /* Colors.xcassets */ = {isa = PBXFileReference; lastKnownFileType = folder.assetcatalog; path = Colors.xcassets; sourceTree = "<group>"; };
		D99477892C19E273009B32AB /* Award.swift */ = {isa = PBXFileReference; lastKnownFileType = sourcecode.swift; path = Award.swift; sourceTree = "<group>"; };
		D994778B2C19E31D009B32AB /* AwardsView.swift */ = {isa = PBXFileReference; lastKnownFileType = sourcecode.swift; path = AwardsView.swift; sourceTree = "<group>"; };
/* End PBXFileReference section */

/* Begin PBXFrameworksBuildPhase section */
		D98D89182C236FA900982E23 /* Frameworks */ = {
			isa = PBXFrameworksBuildPhase;
			buildActionMask = 2147483647;
			files = (
			);
			runOnlyForDeploymentPostprocessing = 0;
		};
		D99477572C0EA3B8009B32AB /* Frameworks */ = {
			isa = PBXFrameworksBuildPhase;
			buildActionMask = 2147483647;
			files = (
			);
			runOnlyForDeploymentPostprocessing = 0;
		};
/* End PBXFrameworksBuildPhase section */

/* Begin PBXGroup section */
		D98D89022C236A0100982E23 /* Extensions */ = {
			isa = PBXGroup;
			children = (
				D99477832C19DB2E009B32AB /* Bundle-Decodable.swift */,
				D99477792C0FA092009B32AB /* CoreDataHelpers.swift */,
				D994777B2C0FA196009B32AB /* TagCoreDataHelpers.swift */,
			);
			path = Extensions;
			sourceTree = "<group>";
		};
		D98D89032C236A0C00982E23 /* Localization */ = {
			isa = PBXGroup;
			children = (
				D98D88E02C1B7DEE00982E23 /* Localizable.strings */,
				D98D88E42C1B7E8500982E23 /* Localizable.stringsdict */,
			);
			path = Localization;
			sourceTree = "<group>";
		};
		D98D89042C236A1700982E23 /* Configuration */ = {
			isa = PBXGroup;
			children = (
				D99477712C0EACB4009B32AB /* Info.plist */,
				D994776C2C0EA5DA009B32AB /* Main.xcdatamodeld */,
				D99477632C0EA3B9009B32AB /* PortfolioApp.entitlements */,
			);
			path = Configuration;
			sourceTree = "<group>";
		};
		D98D89052C236BFE00982E23 /* Filters */ = {
			isa = PBXGroup;
			children = (
				D99477772C0EAFD7009B32AB /* Filter.swift */,
				D99477722C0EAECD009B32AB /* SidebarView.swift */,
				D98D88F12C1CE13200982E23 /* SidebarViewToolbar.swift */,
				D98D88F92C1CE6E300982E23 /* SmartFilterRow.swift */,
				D98D88FB2C1CE76E00982E23 /* UserFilterRow.swift */,
			);
			path = Filters;
			sourceTree = "<group>";
		};
		D98D89062C236C0500982E23 /* Issues */ = {
			isa = PBXGroup;
			children = (
				D994775F2C0EA3B8009B32AB /* ContentView.swift */,
				D98D88F52C1CE37800982E23 /* ContentViewToolbar.swift */,
				D994777D2C10F1E6009B32AB /* IssueRowView.swift */,
			);
			path = Issues;
			sourceTree = "<group>";
		};
		D98D89072C236C0A00982E23 /* Awards */ = {
			isa = PBXGroup;
			children = (
				D99477892C19E273009B32AB /* Award.swift */,
				D994778B2C19E31D009B32AB /* AwardsView.swift */,
				D98D88EF2C1B801C00982E23 /* Awards.json */,
			);
			path = Awards;
			sourceTree = "<group>";
		};
		D98D89082C236C0E00982E23 /* Editing */ = {
			isa = PBXGroup;
			children = (
				D99477752C0EAEE2009B32AB /* DetailView.swift */,
				D994777F2C1242F1009B32AB /* IssueView.swift */,
				D98D88F32C1CE2D800982E23 /* IssueViewToolbar.swift */,
				D99477812C1242F5009B32AB /* NoIssueView.swift */,
				D98D88F72C1CE5D400982E23 /* TagsMenuView.swift */,
			);
			path = Editing;
			sourceTree = "<group>";
		};
		D98D891C2C236FA900982E23 /* PortfolioAppTests */ = {
			isa = PBXGroup;
			children = (
				D98D891D2C236FA900982E23 /* PortfolioAppTests.swift */,
				D98D89242C2370F500982E23 /* AssetTests.swift */,
			);
			path = PortfolioAppTests;
			sourceTree = "<group>";
		};
		D99477512C0EA3B8009B32AB = {
			isa = PBXGroup;
			children = (
				D98D88FE2C2219DF00982E23 /* README.md */,
				D994775C2C0EA3B8009B32AB /* PortfolioApp */,
				D98D891C2C236FA900982E23 /* PortfolioAppTests */,
				D994775B2C0EA3B8009B32AB /* Products */,
			);
			sourceTree = "<group>";
		};
		D994775B2C0EA3B8009B32AB /* Products */ = {
			isa = PBXGroup;
			children = (
				D994775A2C0EA3B8009B32AB /* PortfolioApp.app */,
				D98D891B2C236FA900982E23 /* PortfolioAppTests.xctest */,
			);
			name = Products;
			sourceTree = "<group>";
		};
		D994775C2C0EA3B8009B32AB /* PortfolioApp */ = {
			isa = PBXGroup;
			children = (
				D99477612C0EA3B9009B32AB /* Assets.xcassets */,
				D98D89072C236C0A00982E23 /* Awards */,
				D99477862C19E1DA009B32AB /* Colors.xcassets */,
				D98D89042C236A1700982E23 /* Configuration */,
				D98D89082C236C0E00982E23 /* Editing */,
				D98D89022C236A0100982E23 /* Extensions */,
				D98D89052C236BFE00982E23 /* Filters */,
				D98D89062C236C0500982E23 /* Issues */,
				D98D89032C236A0C00982E23 /* Localization */,
				D994776F2C0EA7C4009B32AB /* DataController.swift */,
				D994775D2C0EA3B8009B32AB /* PortfolioAppApp.swift */,
				D99477642C0EA3B9009B32AB /* Preview Content */,
			);
			path = PortfolioApp;
			sourceTree = "<group>";
		};
		D99477642C0EA3B9009B32AB /* Preview Content */ = {
			isa = PBXGroup;
			children = (
				D99477652C0EA3B9009B32AB /* Preview Assets.xcassets */,
			);
			path = "Preview Content";
			sourceTree = "<group>";
		};
/* End PBXGroup section */

/* Begin PBXNativeTarget section */
		D98D891A2C236FA900982E23 /* PortfolioAppTests */ = {
			isa = PBXNativeTarget;
			buildConfigurationList = D98D89232C236FA900982E23 /* Build configuration list for PBXNativeTarget "PortfolioAppTests" */;
			buildPhases = (
				D98D89172C236FA900982E23 /* Sources */,
				D98D89182C236FA900982E23 /* Frameworks */,
				D98D89192C236FA900982E23 /* Resources */,
			);
			buildRules = (
			);
			dependencies = (
				D98D89202C236FA900982E23 /* PBXTargetDependency */,
			);
			name = PortfolioAppTests;
			productName = PortfolioAppTests;
			productReference = D98D891B2C236FA900982E23 /* PortfolioAppTests.xctest */;
			productType = "com.apple.product-type.bundle.unit-test";
		};
		D99477592C0EA3B8009B32AB /* PortfolioApp */ = {
			isa = PBXNativeTarget;
			buildConfigurationList = D99477692C0EA3B9009B32AB /* Build configuration list for PBXNativeTarget "PortfolioApp" */;
			buildPhases = (
				D99477562C0EA3B8009B32AB /* Sources */,
				D99477572C0EA3B8009B32AB /* Frameworks */,
				D99477582C0EA3B8009B32AB /* Resources */,
			);
			buildRules = (
			);
			dependencies = (
			);
			name = PortfolioApp;
			productName = PortfolioApp;
			productReference = D994775A2C0EA3B8009B32AB /* PortfolioApp.app */;
			productType = "com.apple.product-type.application";
		};
/* End PBXNativeTarget section */

/* Begin PBXProject section */
		D99477522C0EA3B8009B32AB /* Project object */ = {
			isa = PBXProject;
			attributes = {
				BuildIndependentTargetsInParallel = 1;
				LastSwiftUpdateCheck = 1500;
				LastUpgradeCheck = 1500;
				TargetAttributes = {
					D98D891A2C236FA900982E23 = {
						CreatedOnToolsVersion = 15.0.1;
						TestTargetID = D99477592C0EA3B8009B32AB;
					};
					D99477592C0EA3B8009B32AB = {
						CreatedOnToolsVersion = 15.0.1;
					};
				};
			};
			buildConfigurationList = D99477552C0EA3B8009B32AB /* Build configuration list for PBXProject "PortfolioApp" */;
			compatibilityVersion = "Xcode 14.0";
			developmentRegion = en;
			hasScannedForEncodings = 0;
			knownRegions = (
				en,
				Base,
				hu,
			);
			mainGroup = D99477512C0EA3B8009B32AB;
			productRefGroup = D994775B2C0EA3B8009B32AB /* Products */;
			projectDirPath = "";
			projectRoot = "";
			targets = (
				D99477592C0EA3B8009B32AB /* PortfolioApp */,
				D98D891A2C236FA900982E23 /* PortfolioAppTests */,
			);
		};
/* End PBXProject section */

/* Begin PBXResourcesBuildPhase section */
		D98D89192C236FA900982E23 /* Resources */ = {
			isa = PBXResourcesBuildPhase;
			buildActionMask = 2147483647;
			files = (
			);
			runOnlyForDeploymentPostprocessing = 0;
		};
		D99477582C0EA3B8009B32AB /* Resources */ = {
			isa = PBXResourcesBuildPhase;
			buildActionMask = 2147483647;
			files = (
				D98D88DE2C1B7DEE00982E23 /* Localizable.strings in Resources */,
				D99477662C0EA3B9009B32AB /* Preview Assets.xcassets in Resources */,
				D99477882C19E1DA009B32AB /* Colors.xcassets in Resources */,
				D98D88ED2C1B801C00982E23 /* Awards.json in Resources */,
				D99477622C0EA3B9009B32AB /* Assets.xcassets in Resources */,
				D98D88E22C1B7E8500982E23 /* Localizable.stringsdict in Resources */,
			);
			runOnlyForDeploymentPostprocessing = 0;
		};
/* End PBXResourcesBuildPhase section */

/* Begin PBXSourcesBuildPhase section */
		D98D89172C236FA900982E23 /* Sources */ = {
			isa = PBXSourcesBuildPhase;
			buildActionMask = 2147483647;
			files = (
				D98D89252C2370F500982E23 /* AssetTests.swift in Sources */,
				D98D891E2C236FA900982E23 /* PortfolioAppTests.swift in Sources */,
			);
			runOnlyForDeploymentPostprocessing = 0;
		};
		D99477562C0EA3B8009B32AB /* Sources */ = {
			isa = PBXSourcesBuildPhase;
			buildActionMask = 2147483647;
			files = (
				D99477782C0EAFD7009B32AB /* Filter.swift in Sources */,
				D98D88F82C1CE5D400982E23 /* TagsMenuView.swift in Sources */,
				D994778A2C19E273009B32AB /* Award.swift in Sources */,
				D98D88F42C1CE2D800982E23 /* IssueViewToolbar.swift in Sources */,
				D98D88FA2C1CE6E300982E23 /* SmartFilterRow.swift in Sources */,
				D994778C2C19E31D009B32AB /* AwardsView.swift in Sources */,
				D994777C2C0FA196009B32AB /* TagCoreDataHelpers.swift in Sources */,
				D994776E2C0EA5DA009B32AB /* Main.xcdatamodeld in Sources */,
				D994777E2C10F1E6009B32AB /* IssueRowView.swift in Sources */,
				D99477842C19DB2E009B32AB /* Bundle-Decodable.swift in Sources */,
				D99477762C0EAEE2009B32AB /* DetailView.swift in Sources */,
				D99477702C0EA7C4009B32AB /* DataController.swift in Sources */,
				D98D88F62C1CE37800982E23 /* ContentViewToolbar.swift in Sources */,
				D99477732C0EAECD009B32AB /* SidebarView.swift in Sources */,
				D99477602C0EA3B8009B32AB /* ContentView.swift in Sources */,
				D98D88F22C1CE13200982E23 /* SidebarViewToolbar.swift in Sources */,
				D99477802C1242F1009B32AB /* IssueView.swift in Sources */,
				D98D88FC2C1CE76E00982E23 /* UserFilterRow.swift in Sources */,
				D99477822C1242F5009B32AB /* NoIssueView.swift in Sources */,
				D994777A2C0FA092009B32AB /* CoreDataHelpers.swift in Sources */,
				D994775E2C0EA3B8009B32AB /* PortfolioAppApp.swift in Sources */,
			);
			runOnlyForDeploymentPostprocessing = 0;
		};
/* End PBXSourcesBuildPhase section */

/* Begin PBXTargetDependency section */
		D98D89202C236FA900982E23 /* PBXTargetDependency */ = {
			isa = PBXTargetDependency;
			target = D99477592C0EA3B8009B32AB /* PortfolioApp */;
			targetProxy = D98D891F2C236FA900982E23 /* PBXContainerItemProxy */;
		};
/* End PBXTargetDependency section */

/* Begin PBXVariantGroup section */
		D98D88E02C1B7DEE00982E23 /* Localizable.strings */ = {
			isa = PBXVariantGroup;
			children = (
				D98D88DF2C1B7DEE00982E23 /* en */,
				D98D88E12C1B7E0600982E23 /* hu */,
			);
			name = Localizable.strings;
			sourceTree = "<group>";
		};
		D98D88E42C1B7E8500982E23 /* Localizable.stringsdict */ = {
			isa = PBXVariantGroup;
			children = (
				D98D88E32C1B7E8500982E23 /* en */,
				D98D88E52C1B7E8E00982E23 /* hu */,
			);
			name = Localizable.stringsdict;
			sourceTree = "<group>";
		};
		D98D88EF2C1B801C00982E23 /* Awards.json */ = {
			isa = PBXVariantGroup;
			children = (
				D98D88EE2C1B801C00982E23 /* en */,
				D98D88F02C1B802C00982E23 /* hu */,
			);
			name = Awards.json;
			sourceTree = "<group>";
		};
/* End PBXVariantGroup section */

/* Begin XCBuildConfiguration section */
		D98D89212C236FA900982E23 /* Debug */ = {
			isa = XCBuildConfiguration;
			buildSettings = {
				BUNDLE_LOADER = "$(TEST_HOST)";
				CODE_SIGN_STYLE = Automatic;
				CURRENT_PROJECT_VERSION = 1;
				DEVELOPMENT_TEAM = US2A87JDL4;
				GENERATE_INFOPLIST_FILE = YES;
				IPHONEOS_DEPLOYMENT_TARGET = 17.0;
				MARKETING_VERSION = 1.0;
				PRODUCT_BUNDLE_IDENTIFIER = me.Trumbly.Austin.PortfolioAppTests;
				PRODUCT_NAME = "$(TARGET_NAME)";
				SDKROOT = iphoneos;
				SWIFT_EMIT_LOC_STRINGS = NO;
				SWIFT_VERSION = 5.0;
				TARGETED_DEVICE_FAMILY = "1,2";
				TEST_HOST = "$(BUILT_PRODUCTS_DIR)/PortfolioApp.app/$(BUNDLE_EXECUTABLE_FOLDER_PATH)/PortfolioApp";
			};
			name = Debug;
		};
		D98D89222C236FA900982E23 /* Release */ = {
			isa = XCBuildConfiguration;
			buildSettings = {
				BUNDLE_LOADER = "$(TEST_HOST)";
				CODE_SIGN_STYLE = Automatic;
				CURRENT_PROJECT_VERSION = 1;
				DEVELOPMENT_TEAM = US2A87JDL4;
				GENERATE_INFOPLIST_FILE = YES;
				IPHONEOS_DEPLOYMENT_TARGET = 17.0;
				MARKETING_VERSION = 1.0;
				PRODUCT_BUNDLE_IDENTIFIER = me.Trumbly.Austin.PortfolioAppTests;
				PRODUCT_NAME = "$(TARGET_NAME)";
				SDKROOT = iphoneos;
				SWIFT_EMIT_LOC_STRINGS = NO;
				SWIFT_VERSION = 5.0;
				TARGETED_DEVICE_FAMILY = "1,2";
				TEST_HOST = "$(BUILT_PRODUCTS_DIR)/PortfolioApp.app/$(BUNDLE_EXECUTABLE_FOLDER_PATH)/PortfolioApp";
				VALIDATE_PRODUCT = YES;
			};
			name = Release;
		};
		D99477672C0EA3B9009B32AB /* Debug */ = {
			isa = XCBuildConfiguration;
			buildSettings = {
				ALWAYS_SEARCH_USER_PATHS = NO;
				ASSETCATALOG_COMPILER_GENERATE_SWIFT_ASSET_SYMBOL_EXTENSIONS = YES;
				CLANG_ANALYZER_NONNULL = YES;
				CLANG_ANALYZER_NUMBER_OBJECT_CONVERSION = YES_AGGRESSIVE;
				CLANG_CXX_LANGUAGE_STANDARD = "gnu++20";
				CLANG_ENABLE_MODULES = YES;
				CLANG_ENABLE_OBJC_ARC = YES;
				CLANG_ENABLE_OBJC_WEAK = YES;
				CLANG_WARN_BLOCK_CAPTURE_AUTORELEASING = YES;
				CLANG_WARN_BOOL_CONVERSION = YES;
				CLANG_WARN_COMMA = YES;
				CLANG_WARN_CONSTANT_CONVERSION = YES;
				CLANG_WARN_DEPRECATED_OBJC_IMPLEMENTATIONS = YES;
				CLANG_WARN_DIRECT_OBJC_ISA_USAGE = YES_ERROR;
				CLANG_WARN_DOCUMENTATION_COMMENTS = YES;
				CLANG_WARN_EMPTY_BODY = YES;
				CLANG_WARN_ENUM_CONVERSION = YES;
				CLANG_WARN_INFINITE_RECURSION = YES;
				CLANG_WARN_INT_CONVERSION = YES;
				CLANG_WARN_NON_LITERAL_NULL_CONVERSION = YES;
				CLANG_WARN_OBJC_IMPLICIT_RETAIN_SELF = YES;
				CLANG_WARN_OBJC_LITERAL_CONVERSION = YES;
				CLANG_WARN_OBJC_ROOT_CLASS = YES_ERROR;
				CLANG_WARN_QUOTED_INCLUDE_IN_FRAMEWORK_HEADER = YES;
				CLANG_WARN_RANGE_LOOP_ANALYSIS = YES;
				CLANG_WARN_STRICT_PROTOTYPES = YES;
				CLANG_WARN_SUSPICIOUS_MOVE = YES;
				CLANG_WARN_UNGUARDED_AVAILABILITY = YES_AGGRESSIVE;
				CLANG_WARN_UNREACHABLE_CODE = YES;
				CLANG_WARN__DUPLICATE_METHOD_MATCH = YES;
				COPY_PHASE_STRIP = NO;
				DEBUG_INFORMATION_FORMAT = dwarf;
				ENABLE_STRICT_OBJC_MSGSEND = YES;
				ENABLE_TESTABILITY = YES;
				ENABLE_USER_SCRIPT_SANDBOXING = YES;
				GCC_C_LANGUAGE_STANDARD = gnu17;
				GCC_DYNAMIC_NO_PIC = NO;
				GCC_NO_COMMON_BLOCKS = YES;
				GCC_OPTIMIZATION_LEVEL = 0;
				GCC_PREPROCESSOR_DEFINITIONS = (
					"DEBUG=1",
					"$(inherited)",
				);
				GCC_WARN_64_TO_32_BIT_CONVERSION = YES;
				GCC_WARN_ABOUT_RETURN_TYPE = YES_ERROR;
				GCC_WARN_UNDECLARED_SELECTOR = YES;
				GCC_WARN_UNINITIALIZED_AUTOS = YES_AGGRESSIVE;
				GCC_WARN_UNUSED_FUNCTION = YES;
				GCC_WARN_UNUSED_VARIABLE = YES;
				LOCALIZATION_PREFERS_STRING_CATALOGS = YES;
				MTL_ENABLE_DEBUG_INFO = INCLUDE_SOURCE;
				MTL_FAST_MATH = YES;
				ONLY_ACTIVE_ARCH = YES;
				SWIFT_ACTIVE_COMPILATION_CONDITIONS = "DEBUG $(inherited)";
				SWIFT_OPTIMIZATION_LEVEL = "-Onone";
			};
			name = Debug;
		};
		D99477682C0EA3B9009B32AB /* Release */ = {
			isa = XCBuildConfiguration;
			buildSettings = {
				ALWAYS_SEARCH_USER_PATHS = NO;
				ASSETCATALOG_COMPILER_GENERATE_SWIFT_ASSET_SYMBOL_EXTENSIONS = YES;
				CLANG_ANALYZER_NONNULL = YES;
				CLANG_ANALYZER_NUMBER_OBJECT_CONVERSION = YES_AGGRESSIVE;
				CLANG_CXX_LANGUAGE_STANDARD = "gnu++20";
				CLANG_ENABLE_MODULES = YES;
				CLANG_ENABLE_OBJC_ARC = YES;
				CLANG_ENABLE_OBJC_WEAK = YES;
				CLANG_WARN_BLOCK_CAPTURE_AUTORELEASING = YES;
				CLANG_WARN_BOOL_CONVERSION = YES;
				CLANG_WARN_COMMA = YES;
				CLANG_WARN_CONSTANT_CONVERSION = YES;
				CLANG_WARN_DEPRECATED_OBJC_IMPLEMENTATIONS = YES;
				CLANG_WARN_DIRECT_OBJC_ISA_USAGE = YES_ERROR;
				CLANG_WARN_DOCUMENTATION_COMMENTS = YES;
				CLANG_WARN_EMPTY_BODY = YES;
				CLANG_WARN_ENUM_CONVERSION = YES;
				CLANG_WARN_INFINITE_RECURSION = YES;
				CLANG_WARN_INT_CONVERSION = YES;
				CLANG_WARN_NON_LITERAL_NULL_CONVERSION = YES;
				CLANG_WARN_OBJC_IMPLICIT_RETAIN_SELF = YES;
				CLANG_WARN_OBJC_LITERAL_CONVERSION = YES;
				CLANG_WARN_OBJC_ROOT_CLASS = YES_ERROR;
				CLANG_WARN_QUOTED_INCLUDE_IN_FRAMEWORK_HEADER = YES;
				CLANG_WARN_RANGE_LOOP_ANALYSIS = YES;
				CLANG_WARN_STRICT_PROTOTYPES = YES;
				CLANG_WARN_SUSPICIOUS_MOVE = YES;
				CLANG_WARN_UNGUARDED_AVAILABILITY = YES_AGGRESSIVE;
				CLANG_WARN_UNREACHABLE_CODE = YES;
				CLANG_WARN__DUPLICATE_METHOD_MATCH = YES;
				COPY_PHASE_STRIP = NO;
				DEBUG_INFORMATION_FORMAT = "dwarf-with-dsym";
				ENABLE_NS_ASSERTIONS = NO;
				ENABLE_STRICT_OBJC_MSGSEND = YES;
				ENABLE_USER_SCRIPT_SANDBOXING = YES;
				GCC_C_LANGUAGE_STANDARD = gnu17;
				GCC_NO_COMMON_BLOCKS = YES;
				GCC_WARN_64_TO_32_BIT_CONVERSION = YES;
				GCC_WARN_ABOUT_RETURN_TYPE = YES_ERROR;
				GCC_WARN_UNDECLARED_SELECTOR = YES;
				GCC_WARN_UNINITIALIZED_AUTOS = YES_AGGRESSIVE;
				GCC_WARN_UNUSED_FUNCTION = YES;
				GCC_WARN_UNUSED_VARIABLE = YES;
				LOCALIZATION_PREFERS_STRING_CATALOGS = YES;
				MTL_ENABLE_DEBUG_INFO = NO;
				MTL_FAST_MATH = YES;
				SWIFT_COMPILATION_MODE = wholemodule;
			};
			name = Release;
		};
		D994776A2C0EA3B9009B32AB /* Debug */ = {
			isa = XCBuildConfiguration;
			buildSettings = {
				ASSETCATALOG_COMPILER_APPICON_NAME = AppIcon;
				ASSETCATALOG_COMPILER_GLOBAL_ACCENT_COLOR_NAME = AccentColor;
				CODE_SIGN_ENTITLEMENTS = PortfolioApp/Configuration/PortfolioApp.entitlements;
				CODE_SIGN_STYLE = Automatic;
				CURRENT_PROJECT_VERSION = 1;
				DEVELOPMENT_ASSET_PATHS = "\"PortfolioApp/Preview Content\"";
				DEVELOPMENT_TEAM = US2A87JDL4;
				ENABLE_HARDENED_RUNTIME = YES;
				ENABLE_PREVIEWS = YES;
				GENERATE_INFOPLIST_FILE = YES;
				INFOPLIST_FILE = PortfolioApp/Configuration/Info.plist;
				"INFOPLIST_KEY_UIApplicationSceneManifest_Generation[sdk=iphoneos*]" = YES;
				"INFOPLIST_KEY_UIApplicationSceneManifest_Generation[sdk=iphonesimulator*]" = YES;
				"INFOPLIST_KEY_UIApplicationSupportsIndirectInputEvents[sdk=iphoneos*]" = YES;
				"INFOPLIST_KEY_UIApplicationSupportsIndirectInputEvents[sdk=iphonesimulator*]" = YES;
				"INFOPLIST_KEY_UILaunchScreen_Generation[sdk=iphoneos*]" = YES;
				"INFOPLIST_KEY_UILaunchScreen_Generation[sdk=iphonesimulator*]" = YES;
				"INFOPLIST_KEY_UIStatusBarStyle[sdk=iphoneos*]" = UIStatusBarStyleDefault;
				"INFOPLIST_KEY_UIStatusBarStyle[sdk=iphonesimulator*]" = UIStatusBarStyleDefault;
				INFOPLIST_KEY_UISupportedInterfaceOrientations_iPad = "UIInterfaceOrientationPortrait UIInterfaceOrientationPortraitUpsideDown UIInterfaceOrientationLandscapeLeft UIInterfaceOrientationLandscapeRight";
				INFOPLIST_KEY_UISupportedInterfaceOrientations_iPhone = "UIInterfaceOrientationPortrait UIInterfaceOrientationLandscapeLeft UIInterfaceOrientationLandscapeRight";
				IPHONEOS_DEPLOYMENT_TARGET = 17.0;
				LD_RUNPATH_SEARCH_PATHS = "@executable_path/Frameworks";
				"LD_RUNPATH_SEARCH_PATHS[sdk=macosx*]" = "@executable_path/../Frameworks";
				MACOSX_DEPLOYMENT_TARGET = 14.0;
				MARKETING_VERSION = 1.0;
				PRODUCT_BUNDLE_IDENTIFIER = me.Trumbly.Austin.PortfolioApp;
				PRODUCT_NAME = "$(TARGET_NAME)";
				SDKROOT = auto;
				SUPPORTED_PLATFORMS = "iphoneos iphonesimulator macosx";
				SWIFT_EMIT_LOC_STRINGS = YES;
				SWIFT_VERSION = 5.0;
				TARGETED_DEVICE_FAMILY = "1,2";
			};
			name = Debug;
		};
		D994776B2C0EA3B9009B32AB /* Release */ = {
			isa = XCBuildConfiguration;
			buildSettings = {
				ASSETCATALOG_COMPILER_APPICON_NAME = AppIcon;
				ASSETCATALOG_COMPILER_GLOBAL_ACCENT_COLOR_NAME = AccentColor;
				CODE_SIGN_ENTITLEMENTS = PortfolioApp/Configuration/PortfolioApp.entitlements;
				CODE_SIGN_STYLE = Automatic;
				CURRENT_PROJECT_VERSION = 1;
				DEVELOPMENT_ASSET_PATHS = "\"PortfolioApp/Preview Content\"";
				DEVELOPMENT_TEAM = US2A87JDL4;
				ENABLE_HARDENED_RUNTIME = YES;
				ENABLE_PREVIEWS = YES;
				GENERATE_INFOPLIST_FILE = YES;
				INFOPLIST_FILE = PortfolioApp/Configuration/Info.plist;
				"INFOPLIST_KEY_UIApplicationSceneManifest_Generation[sdk=iphoneos*]" = YES;
				"INFOPLIST_KEY_UIApplicationSceneManifest_Generation[sdk=iphonesimulator*]" = YES;
				"INFOPLIST_KEY_UIApplicationSupportsIndirectInputEvents[sdk=iphoneos*]" = YES;
				"INFOPLIST_KEY_UIApplicationSupportsIndirectInputEvents[sdk=iphonesimulator*]" = YES;
				"INFOPLIST_KEY_UILaunchScreen_Generation[sdk=iphoneos*]" = YES;
				"INFOPLIST_KEY_UILaunchScreen_Generation[sdk=iphonesimulator*]" = YES;
				"INFOPLIST_KEY_UIStatusBarStyle[sdk=iphoneos*]" = UIStatusBarStyleDefault;
				"INFOPLIST_KEY_UIStatusBarStyle[sdk=iphonesimulator*]" = UIStatusBarStyleDefault;
				INFOPLIST_KEY_UISupportedInterfaceOrientations_iPad = "UIInterfaceOrientationPortrait UIInterfaceOrientationPortraitUpsideDown UIInterfaceOrientationLandscapeLeft UIInterfaceOrientationLandscapeRight";
				INFOPLIST_KEY_UISupportedInterfaceOrientations_iPhone = "UIInterfaceOrientationPortrait UIInterfaceOrientationLandscapeLeft UIInterfaceOrientationLandscapeRight";
				IPHONEOS_DEPLOYMENT_TARGET = 17.0;
				LD_RUNPATH_SEARCH_PATHS = "@executable_path/Frameworks";
				"LD_RUNPATH_SEARCH_PATHS[sdk=macosx*]" = "@executable_path/../Frameworks";
				MACOSX_DEPLOYMENT_TARGET = 14.0;
				MARKETING_VERSION = 1.0;
				PRODUCT_BUNDLE_IDENTIFIER = me.Trumbly.Austin.PortfolioApp;
				PRODUCT_NAME = "$(TARGET_NAME)";
				SDKROOT = auto;
				SUPPORTED_PLATFORMS = "iphoneos iphonesimulator macosx";
				SWIFT_EMIT_LOC_STRINGS = YES;
				SWIFT_VERSION = 5.0;
				TARGETED_DEVICE_FAMILY = "1,2";
			};
			name = Release;
		};
/* End XCBuildConfiguration section */

/* Begin XCConfigurationList section */
		D98D89232C236FA900982E23 /* Build configuration list for PBXNativeTarget "PortfolioAppTests" */ = {
			isa = XCConfigurationList;
			buildConfigurations = (
				D98D89212C236FA900982E23 /* Debug */,
				D98D89222C236FA900982E23 /* Release */,
			);
			defaultConfigurationIsVisible = 0;
			defaultConfigurationName = Release;
		};
		D99477552C0EA3B8009B32AB /* Build configuration list for PBXProject "PortfolioApp" */ = {
			isa = XCConfigurationList;
			buildConfigurations = (
				D99477672C0EA3B9009B32AB /* Debug */,
				D99477682C0EA3B9009B32AB /* Release */,
			);
			defaultConfigurationIsVisible = 0;
			defaultConfigurationName = Release;
		};
		D99477692C0EA3B9009B32AB /* Build configuration list for PBXNativeTarget "PortfolioApp" */ = {
			isa = XCConfigurationList;
			buildConfigurations = (
				D994776A2C0EA3B9009B32AB /* Debug */,
				D994776B2C0EA3B9009B32AB /* Release */,
			);
			defaultConfigurationIsVisible = 0;
			defaultConfigurationName = Release;
		};
/* End XCConfigurationList section */

/* Begin XCVersionGroup section */
		D994776C2C0EA5DA009B32AB /* Main.xcdatamodeld */ = {
			isa = XCVersionGroup;
			children = (
				D994776D2C0EA5DA009B32AB /* Main.xcdatamodel */,
			);
			currentVersion = D994776D2C0EA5DA009B32AB /* Main.xcdatamodel */;
			path = Main.xcdatamodeld;
			sourceTree = "<group>";
			versionGroupType = wrapper.xcdatamodel;
		};
/* End XCVersionGroup section */
	};
	rootObject = D99477522C0EA3B8009B32AB /* Project object */;
}
