// !$*UTF8*$!
{
	archiveVersion = 1;
	classes = {
	};
	objectVersion = 56;
	objects = {

/* Begin PBXBuildFile section */
		D93CEC6C2C35991D0003CD63 /* DetailGiftCardView.swift in Sources */ = {isa = PBXBuildFile; fileRef = D93CEC6B2C35991D0003CD63 /* DetailGiftCardView.swift */; };
		D93CEC6E2C35D8A20003CD63 /* NewGiftCardView.swift in Sources */ = {isa = PBXBuildFile; fileRef = D93CEC6D2C35D8A20003CD63 /* NewGiftCardView.swift */; };
		D93CEC702C35DA610003CD63 /* WalletView.swift in Sources */ = {isa = PBXBuildFile; fileRef = D93CEC6F2C35DA610003CD63 /* WalletView.swift */; };
		D93CEC722C366CBB0003CD63 /* BarcodeScanner.swift in Sources */ = {isa = PBXBuildFile; fileRef = D93CEC712C366CBB0003CD63 /* BarcodeScanner.swift */; };
		D93CEC752C3671600003CD63 /* BarcodeScannerView.swift in Sources */ = {isa = PBXBuildFile; fileRef = D93CEC742C3671600003CD63 /* BarcodeScannerView.swift */; };
		D93CEC792C375C6B0003CD63 /* CardOverlayView.swift in Sources */ = {isa = PBXBuildFile; fileRef = D93CEC782C375C6B0003CD63 /* CardOverlayView.swift */; };
		D93CEC7B2C3760140003CD63 /* GenerateBarcodeView.swift in Sources */ = {isa = PBXBuildFile; fileRef = D93CEC7A2C3760140003CD63 /* GenerateBarcodeView.swift */; };
		D93CEC7D2C3C6FA00003CD63 /* WalletCardView.swift in Sources */ = {isa = PBXBuildFile; fileRef = D93CEC7C2C3C6FA00003CD63 /* WalletCardView.swift */; };
		D93CEC7F2C3CC1670003CD63 /* Previewer.swift in Sources */ = {isa = PBXBuildFile; fileRef = D93CEC7E2C3CC1670003CD63 /* Previewer.swift */; };
		D93CEC832C41B8480003CD63 /* Transaction.swift in Sources */ = {isa = PBXBuildFile; fileRef = D93CEC822C41B8480003CD63 /* Transaction.swift */; };
		D98D897A2C3485E800982E23 /* GiftCardWalletApp.swift in Sources */ = {isa = PBXBuildFile; fileRef = D98D89792C3485E800982E23 /* GiftCardWalletApp.swift */; };
		D98D897C2C3485E800982E23 /* ContentView.swift in Sources */ = {isa = PBXBuildFile; fileRef = D98D897B2C3485E800982E23 /* ContentView.swift */; };
		D98D897E2C3485EA00982E23 /* Assets.xcassets in Resources */ = {isa = PBXBuildFile; fileRef = D98D897D2C3485EA00982E23 /* Assets.xcassets */; };
		D98D89822C3485EA00982E23 /* Preview Assets.xcassets in Resources */ = {isa = PBXBuildFile; fileRef = D98D89812C3485EA00982E23 /* Preview Assets.xcassets */; };
		D98D89892C34864400982E23 /* GiftCard.swift in Sources */ = {isa = PBXBuildFile; fileRef = D98D89882C34864400982E23 /* GiftCard.swift */; };
/* End PBXBuildFile section */

/* Begin PBXFileReference section */
		D93CEC6B2C35991D0003CD63 /* DetailGiftCardView.swift */ = {isa = PBXFileReference; lastKnownFileType = sourcecode.swift; path = DetailGiftCardView.swift; sourceTree = "<group>"; };
		D93CEC6D2C35D8A20003CD63 /* NewGiftCardView.swift */ = {isa = PBXFileReference; lastKnownFileType = sourcecode.swift; path = NewGiftCardView.swift; sourceTree = "<group>"; };
		D93CEC6F2C35DA610003CD63 /* WalletView.swift */ = {isa = PBXFileReference; lastKnownFileType = sourcecode.swift; path = WalletView.swift; sourceTree = "<group>"; };
		D93CEC712C366CBB0003CD63 /* BarcodeScanner.swift */ = {isa = PBXFileReference; lastKnownFileType = sourcecode.swift; path = BarcodeScanner.swift; sourceTree = "<group>"; };
		D93CEC732C366EFF0003CD63 /* Info.plist */ = {isa = PBXFileReference; lastKnownFileType = text.plist; path = Info.plist; sourceTree = "<group>"; };
		D93CEC742C3671600003CD63 /* BarcodeScannerView.swift */ = {isa = PBXFileReference; lastKnownFileType = sourcecode.swift; path = BarcodeScannerView.swift; sourceTree = "<group>"; };
		D93CEC782C375C6B0003CD63 /* CardOverlayView.swift */ = {isa = PBXFileReference; lastKnownFileType = sourcecode.swift; path = CardOverlayView.swift; sourceTree = "<group>"; };
		D93CEC7A2C3760140003CD63 /* GenerateBarcodeView.swift */ = {isa = PBXFileReference; lastKnownFileType = sourcecode.swift; path = GenerateBarcodeView.swift; sourceTree = "<group>"; };
		D93CEC7C2C3C6FA00003CD63 /* WalletCardView.swift */ = {isa = PBXFileReference; lastKnownFileType = sourcecode.swift; path = WalletCardView.swift; sourceTree = "<group>"; };
		D93CEC7E2C3CC1670003CD63 /* Previewer.swift */ = {isa = PBXFileReference; lastKnownFileType = sourcecode.swift; path = Previewer.swift; sourceTree = "<group>"; };
		D93CEC822C41B8480003CD63 /* Transaction.swift */ = {isa = PBXFileReference; lastKnownFileType = sourcecode.swift; path = Transaction.swift; sourceTree = "<group>"; };
		D98D89762C3485E800982E23 /* GiftCardWallet.app */ = {isa = PBXFileReference; explicitFileType = wrapper.application; includeInIndex = 0; path = GiftCardWallet.app; sourceTree = BUILT_PRODUCTS_DIR; };
		D98D89792C3485E800982E23 /* GiftCardWalletApp.swift */ = {isa = PBXFileReference; lastKnownFileType = sourcecode.swift; path = GiftCardWalletApp.swift; sourceTree = "<group>"; };
		D98D897B2C3485E800982E23 /* ContentView.swift */ = {isa = PBXFileReference; lastKnownFileType = sourcecode.swift; path = ContentView.swift; sourceTree = "<group>"; };
		D98D897D2C3485EA00982E23 /* Assets.xcassets */ = {isa = PBXFileReference; lastKnownFileType = folder.assetcatalog; path = Assets.xcassets; sourceTree = "<group>"; };
		D98D897F2C3485EA00982E23 /* GiftCardWallet.entitlements */ = {isa = PBXFileReference; lastKnownFileType = text.plist.entitlements; path = GiftCardWallet.entitlements; sourceTree = "<group>"; };
		D98D89812C3485EA00982E23 /* Preview Assets.xcassets */ = {isa = PBXFileReference; lastKnownFileType = folder.assetcatalog; path = "Preview Assets.xcassets"; sourceTree = "<group>"; };
		D98D89882C34864400982E23 /* GiftCard.swift */ = {isa = PBXFileReference; lastKnownFileType = sourcecode.swift; path = GiftCard.swift; sourceTree = "<group>"; };
/* End PBXFileReference section */

/* Begin PBXFrameworksBuildPhase section */
		D98D89732C3485E800982E23 /* Frameworks */ = {
			isa = PBXFrameworksBuildPhase;
			buildActionMask = 2147483647;
			files = (
			);
			runOnlyForDeploymentPostprocessing = 0;
		};
/* End PBXFrameworksBuildPhase section */

/* Begin PBXGroup section */
		D98D896D2C3485E800982E23 = {
			isa = PBXGroup;
			children = (
				D98D89782C3485E800982E23 /* GiftCardWallet */,
				D98D89772C3485E800982E23 /* Products */,
			);
			sourceTree = "<group>";
		};
		D98D89772C3485E800982E23 /* Products */ = {
			isa = PBXGroup;
			children = (
				D98D89762C3485E800982E23 /* GiftCardWallet.app */,
			);
			name = Products;
			sourceTree = "<group>";
		};
		D98D89782C3485E800982E23 /* GiftCardWallet */ = {
			isa = PBXGroup;
			children = (
				D93CEC732C366EFF0003CD63 /* Info.plist */,
				D93CEC7C2C3C6FA00003CD63 /* WalletCardView.swift */,
				D98D89792C3485E800982E23 /* GiftCardWalletApp.swift */,
				D98D897B2C3485E800982E23 /* ContentView.swift */,
				D93CEC7E2C3CC1670003CD63 /* Previewer.swift */,
				D93CEC6D2C35D8A20003CD63 /* NewGiftCardView.swift */,
				D93CEC782C375C6B0003CD63 /* CardOverlayView.swift */,
				D93CEC712C366CBB0003CD63 /* BarcodeScanner.swift */,
				D93CEC742C3671600003CD63 /* BarcodeScannerView.swift */,
				D93CEC6B2C35991D0003CD63 /* DetailGiftCardView.swift */,
				D93CEC7A2C3760140003CD63 /* GenerateBarcodeView.swift */,
				D93CEC6F2C35DA610003CD63 /* WalletView.swift */,
				D98D89882C34864400982E23 /* GiftCard.swift */,
				D93CEC822C41B8480003CD63 /* Transaction.swift */,
				D98D897D2C3485EA00982E23 /* Assets.xcassets */,
				D98D897F2C3485EA00982E23 /* GiftCardWallet.entitlements */,
				D98D89802C3485EA00982E23 /* Preview Content */,
			);
			path = GiftCardWallet;
			sourceTree = "<group>";
		};
		D98D89802C3485EA00982E23 /* Preview Content */ = {
			isa = PBXGroup;
			children = (
				D98D89812C3485EA00982E23 /* Preview Assets.xcassets */,
			);
			path = "Preview Content";
			sourceTree = "<group>";
		};
/* End PBXGroup section */

/* Begin PBXNativeTarget section */
		D98D89752C3485E800982E23 /* GiftCardWallet */ = {
			isa = PBXNativeTarget;
			buildConfigurationList = D98D89852C3485EA00982E23 /* Build configuration list for PBXNativeTarget "GiftCardWallet" */;
			buildPhases = (
				D98D89722C3485E800982E23 /* Sources */,
				D98D89732C3485E800982E23 /* Frameworks */,
				D98D89742C3485E800982E23 /* Resources */,
			);
			buildRules = (
			);
			dependencies = (
			);
			name = GiftCardWallet;
			productName = GiftCardWallet;
			productReference = D98D89762C3485E800982E23 /* GiftCardWallet.app */;
			productType = "com.apple.product-type.application";
		};
/* End PBXNativeTarget section */

/* Begin PBXProject section */
		D98D896E2C3485E800982E23 /* Project object */ = {
			isa = PBXProject;
			attributes = {
				BuildIndependentTargetsInParallel = 1;
				LastSwiftUpdateCheck = 1500;
				LastUpgradeCheck = 1600;
				TargetAttributes = {
					D98D89752C3485E800982E23 = {
						CreatedOnToolsVersion = 15.0.1;
					};
				};
			};
			buildConfigurationList = D98D89712C3485E800982E23 /* Build configuration list for PBXProject "GiftCardWallet" */;
			compatibilityVersion = "Xcode 14.0";
			developmentRegion = en;
			hasScannedForEncodings = 0;
			knownRegions = (
				en,
				Base,
			);
			mainGroup = D98D896D2C3485E800982E23;
			productRefGroup = D98D89772C3485E800982E23 /* Products */;
			projectDirPath = "";
			projectRoot = "";
			targets = (
				D98D89752C3485E800982E23 /* GiftCardWallet */,
			);
		};
/* End PBXProject section */

/* Begin PBXResourcesBuildPhase section */
		D98D89742C3485E800982E23 /* Resources */ = {
			isa = PBXResourcesBuildPhase;
			buildActionMask = 2147483647;
			files = (
				D98D89822C3485EA00982E23 /* Preview Assets.xcassets in Resources */,
				D98D897E2C3485EA00982E23 /* Assets.xcassets in Resources */,
			);
			runOnlyForDeploymentPostprocessing = 0;
		};
/* End PBXResourcesBuildPhase section */

/* Begin PBXSourcesBuildPhase section */
		D98D89722C3485E800982E23 /* Sources */ = {
			isa = PBXSourcesBuildPhase;
			buildActionMask = 2147483647;
			files = (
				D93CEC752C3671600003CD63 /* BarcodeScannerView.swift in Sources */,
				D93CEC832C41B8480003CD63 /* Transaction.swift in Sources */,
				D93CEC7D2C3C6FA00003CD63 /* WalletCardView.swift in Sources */,
				D93CEC6E2C35D8A20003CD63 /* NewGiftCardView.swift in Sources */,
				D93CEC7F2C3CC1670003CD63 /* Previewer.swift in Sources */,
				D93CEC722C366CBB0003CD63 /* BarcodeScanner.swift in Sources */,
				D93CEC792C375C6B0003CD63 /* CardOverlayView.swift in Sources */,
				D93CEC7B2C3760140003CD63 /* GenerateBarcodeView.swift in Sources */,
				D98D89892C34864400982E23 /* GiftCard.swift in Sources */,
				D93CEC6C2C35991D0003CD63 /* DetailGiftCardView.swift in Sources */,
				D98D897C2C3485E800982E23 /* ContentView.swift in Sources */,
				D98D897A2C3485E800982E23 /* GiftCardWalletApp.swift in Sources */,
				D93CEC702C35DA610003CD63 /* WalletView.swift in Sources */,
			);
			runOnlyForDeploymentPostprocessing = 0;
		};
/* End PBXSourcesBuildPhase section */

/* Begin XCBuildConfiguration section */
		D98D89832C3485EA00982E23 /* Debug */ = {
			isa = XCBuildConfiguration;
			buildSettings = {
				ALWAYS_SEARCH_USER_PATHS = NO;
				ASSETCATALOG_COMPILER_GENERATE_SWIFT_ASSET_SYMBOL_EXTENSIONS = YES;
				CLANG_ANALYZER_NONNULL = YES;
				CLANG_ANALYZER_NUMBER_OBJECT_CONVERSION = YES_AGGRESSIVE;
				CLANG_CXX_LANGUAGE_STANDARD = "gnu++20";
				CLANG_ENABLE_MODULES = YES;
				CLANG_ENABLE_OBJC_ARC = YES;
				CLANG_ENABLE_OBJC_WEAK = YES;
				CLANG_WARN_BLOCK_CAPTURE_AUTORELEASING = YES;
				CLANG_WARN_BOOL_CONVERSION = YES;
				CLANG_WARN_COMMA = YES;
				CLANG_WARN_CONSTANT_CONVERSION = YES;
				CLANG_WARN_DEPRECATED_OBJC_IMPLEMENTATIONS = YES;
				CLANG_WARN_DIRECT_OBJC_ISA_USAGE = YES_ERROR;
				CLANG_WARN_DOCUMENTATION_COMMENTS = YES;
				CLANG_WARN_EMPTY_BODY = YES;
				CLANG_WARN_ENUM_CONVERSION = YES;
				CLANG_WARN_INFINITE_RECURSION = YES;
				CLANG_WARN_INT_CONVERSION = YES;
				CLANG_WARN_NON_LITERAL_NULL_CONVERSION = YES;
				CLANG_WARN_OBJC_IMPLICIT_RETAIN_SELF = YES;
				CLANG_WARN_OBJC_LITERAL_CONVERSION = YES;
				CLANG_WARN_OBJC_ROOT_CLASS = YES_ERROR;
				CLANG_WARN_QUOTED_INCLUDE_IN_FRAMEWORK_HEADER = YES;
				CLANG_WARN_RANGE_LOOP_ANALYSIS = YES;
				CLANG_WARN_STRICT_PROTOTYPES = YES;
				CLANG_WARN_SUSPICIOUS_MOVE = YES;
				CLANG_WARN_UNGUARDED_AVAILABILITY = YES_AGGRESSIVE;
				CLANG_WARN_UNREACHABLE_CODE = YES;
				CLANG_WARN__DUPLICATE_METHOD_MATCH = YES;
				COPY_PHASE_STRIP = NO;
				DEAD_CODE_STRIPPING = YES;
				DEBUG_INFORMATION_FORMAT = dwarf;
				ENABLE_STRICT_OBJC_MSGSEND = YES;
				ENABLE_TESTABILITY = YES;
				ENABLE_USER_SCRIPT_SANDBOXING = YES;
				GCC_C_LANGUAGE_STANDARD = gnu17;
				GCC_DYNAMIC_NO_PIC = NO;
				GCC_NO_COMMON_BLOCKS = YES;
				GCC_OPTIMIZATION_LEVEL = 0;
				GCC_PREPROCESSOR_DEFINITIONS = (
					"DEBUG=1",
					"$(inherited)",
				);
				GCC_WARN_64_TO_32_BIT_CONVERSION = YES;
				GCC_WARN_ABOUT_RETURN_TYPE = YES_ERROR;
				GCC_WARN_UNDECLARED_SELECTOR = YES;
				GCC_WARN_UNINITIALIZED_AUTOS = YES_AGGRESSIVE;
				GCC_WARN_UNUSED_FUNCTION = YES;
				GCC_WARN_UNUSED_VARIABLE = YES;
				LOCALIZATION_PREFERS_STRING_CATALOGS = YES;
				MTL_ENABLE_DEBUG_INFO = INCLUDE_SOURCE;
				MTL_FAST_MATH = YES;
				ONLY_ACTIVE_ARCH = YES;
				SWIFT_ACTIVE_COMPILATION_CONDITIONS = "DEBUG $(inherited)";
				SWIFT_OPTIMIZATION_LEVEL = "-Onone";
			};
			name = Debug;
		};
		D98D89842C3485EA00982E23 /* Release */ = {
			isa = XCBuildConfiguration;
			buildSettings = {
				ALWAYS_SEARCH_USER_PATHS = NO;
				ASSETCATALOG_COMPILER_GENERATE_SWIFT_ASSET_SYMBOL_EXTENSIONS = YES;
				CLANG_ANALYZER_NONNULL = YES;
				CLANG_ANALYZER_NUMBER_OBJECT_CONVERSION = YES_AGGRESSIVE;
				CLANG_CXX_LANGUAGE_STANDARD = "gnu++20";
				CLANG_ENABLE_MODULES = YES;
				CLANG_ENABLE_OBJC_ARC = YES;
				CLANG_ENABLE_OBJC_WEAK = YES;
				CLANG_WARN_BLOCK_CAPTURE_AUTORELEASING = YES;
				CLANG_WARN_BOOL_CONVERSION = YES;
				CLANG_WARN_COMMA = YES;
				CLANG_WARN_CONSTANT_CONVERSION = YES;
				CLANG_WARN_DEPRECATED_OBJC_IMPLEMENTATIONS = YES;
				CLANG_WARN_DIRECT_OBJC_ISA_USAGE = YES_ERROR;
				CLANG_WARN_DOCUMENTATION_COMMENTS = YES;
				CLANG_WARN_EMPTY_BODY = YES;
				CLANG_WARN_ENUM_CONVERSION = YES;
				CLANG_WARN_INFINITE_RECURSION = YES;
				CLANG_WARN_INT_CONVERSION = YES;
				CLANG_WARN_NON_LITERAL_NULL_CONVERSION = YES;
				CLANG_WARN_OBJC_IMPLICIT_RETAIN_SELF = YES;
				CLANG_WARN_OBJC_LITERAL_CONVERSION = YES;
				CLANG_WARN_OBJC_ROOT_CLASS = YES_ERROR;
				CLANG_WARN_QUOTED_INCLUDE_IN_FRAMEWORK_HEADER = YES;
				CLANG_WARN_RANGE_LOOP_ANALYSIS = YES;
				CLANG_WARN_STRICT_PROTOTYPES = YES;
				CLANG_WARN_SUSPICIOUS_MOVE = YES;
				CLANG_WARN_UNGUARDED_AVAILABILITY = YES_AGGRESSIVE;
				CLANG_WARN_UNREACHABLE_CODE = YES;
				CLANG_WARN__DUPLICATE_METHOD_MATCH = YES;
				COPY_PHASE_STRIP = NO;
				DEAD_CODE_STRIPPING = YES;
				DEBUG_INFORMATION_FORMAT = "dwarf-with-dsym";
				ENABLE_NS_ASSERTIONS = NO;
				ENABLE_STRICT_OBJC_MSGSEND = YES;
				ENABLE_USER_SCRIPT_SANDBOXING = YES;
				GCC_C_LANGUAGE_STANDARD = gnu17;
				GCC_NO_COMMON_BLOCKS = YES;
				GCC_WARN_64_TO_32_BIT_CONVERSION = YES;
				GCC_WARN_ABOUT_RETURN_TYPE = YES_ERROR;
				GCC_WARN_UNDECLARED_SELECTOR = YES;
				GCC_WARN_UNINITIALIZED_AUTOS = YES_AGGRESSIVE;
				GCC_WARN_UNUSED_FUNCTION = YES;
				GCC_WARN_UNUSED_VARIABLE = YES;
				LOCALIZATION_PREFERS_STRING_CATALOGS = YES;
				MTL_ENABLE_DEBUG_INFO = NO;
				MTL_FAST_MATH = YES;
				SWIFT_COMPILATION_MODE = wholemodule;
			};
			name = Release;
		};
		D98D89862C3485EA00982E23 /* Debug */ = {
			isa = XCBuildConfiguration;
			buildSettings = {
				ASSETCATALOG_COMPILER_APPICON_NAME = AppIcon;
				ASSETCATALOG_COMPILER_GLOBAL_ACCENT_COLOR_NAME = AccentColor;
				CODE_SIGN_ENTITLEMENTS = GiftCardWallet/GiftCardWallet.entitlements;
				CODE_SIGN_STYLE = Automatic;
				CURRENT_PROJECT_VERSION = 1;
				DEAD_CODE_STRIPPING = YES;
				DEVELOPMENT_ASSET_PATHS = "\"GiftCardWallet/Preview Content\"";
				DEVELOPMENT_TEAM = US2A87JDL4;
				ENABLE_HARDENED_RUNTIME = YES;
				ENABLE_PREVIEWS = YES;
				GENERATE_INFOPLIST_FILE = YES;
				INFOPLIST_FILE = GiftCardWallet/Info.plist;
				INFOPLIST_KEY_NSCameraUsageDescription = "We need to use your camera to scan barcodes";
				"INFOPLIST_KEY_UIApplicationSceneManifest_Generation[sdk=iphoneos*]" = YES;
				"INFOPLIST_KEY_UIApplicationSceneManifest_Generation[sdk=iphonesimulator*]" = YES;
				"INFOPLIST_KEY_UIApplicationSupportsIndirectInputEvents[sdk=iphoneos*]" = YES;
				"INFOPLIST_KEY_UIApplicationSupportsIndirectInputEvents[sdk=iphonesimulator*]" = YES;
				"INFOPLIST_KEY_UILaunchScreen_Generation[sdk=iphoneos*]" = YES;
				"INFOPLIST_KEY_UILaunchScreen_Generation[sdk=iphonesimulator*]" = YES;
				"INFOPLIST_KEY_UIStatusBarStyle[sdk=iphoneos*]" = UIStatusBarStyleDefault;
				"INFOPLIST_KEY_UIStatusBarStyle[sdk=iphonesimulator*]" = UIStatusBarStyleDefault;
				INFOPLIST_KEY_UISupportedInterfaceOrientations_iPad = "UIInterfaceOrientationPortrait UIInterfaceOrientationPortraitUpsideDown UIInterfaceOrientationLandscapeLeft UIInterfaceOrientationLandscapeRight";
				INFOPLIST_KEY_UISupportedInterfaceOrientations_iPhone = "UIInterfaceOrientationPortrait UIInterfaceOrientationLandscapeLeft UIInterfaceOrientationLandscapeRight";
				IPHONEOS_DEPLOYMENT_TARGET = 17.0;
				LD_RUNPATH_SEARCH_PATHS = "@executable_path/Frameworks";
				"LD_RUNPATH_SEARCH_PATHS[sdk=macosx*]" = "@executable_path/../Frameworks";
				MACOSX_DEPLOYMENT_TARGET = 14.0;
				MARKETING_VERSION = 1.0;
				PRODUCT_BUNDLE_IDENTIFIER = me.Trumbly.Austin.GiftCardWallet;
				PRODUCT_NAME = "$(TARGET_NAME)";
				SDKROOT = auto;
				SUPPORTED_PLATFORMS = "iphoneos iphonesimulator macosx";
				SWIFT_EMIT_LOC_STRINGS = YES;
				SWIFT_VERSION = 5.0;
				TARGETED_DEVICE_FAMILY = "1,2";
			};
			name = Debug;
		};
		D98D89872C3485EA00982E23 /* Release */ = {
			isa = XCBuildConfiguration;
			buildSettings = {
				ASSETCATALOG_COMPILER_APPICON_NAME = AppIcon;
				ASSETCATALOG_COMPILER_GLOBAL_ACCENT_COLOR_NAME = AccentColor;
				CODE_SIGN_ENTITLEMENTS = GiftCardWallet/GiftCardWallet.entitlements;
				CODE_SIGN_STYLE = Automatic;
				CURRENT_PROJECT_VERSION = 1;
				DEAD_CODE_STRIPPING = YES;
				DEVELOPMENT_ASSET_PATHS = "\"GiftCardWallet/Preview Content\"";
				DEVELOPMENT_TEAM = US2A87JDL4;
				ENABLE_HARDENED_RUNTIME = YES;
				ENABLE_PREVIEWS = YES;
				GENERATE_INFOPLIST_FILE = YES;
				INFOPLIST_FILE = GiftCardWallet/Info.plist;
				INFOPLIST_KEY_NSCameraUsageDescription = "We need to use your camera to scan barcodes";
				"INFOPLIST_KEY_UIApplicationSceneManifest_Generation[sdk=iphoneos*]" = YES;
				"INFOPLIST_KEY_UIApplicationSceneManifest_Generation[sdk=iphonesimulator*]" = YES;
				"INFOPLIST_KEY_UIApplicationSupportsIndirectInputEvents[sdk=iphoneos*]" = YES;
				"INFOPLIST_KEY_UIApplicationSupportsIndirectInputEvents[sdk=iphonesimulator*]" = YES;
				"INFOPLIST_KEY_UILaunchScreen_Generation[sdk=iphoneos*]" = YES;
				"INFOPLIST_KEY_UILaunchScreen_Generation[sdk=iphonesimulator*]" = YES;
				"INFOPLIST_KEY_UIStatusBarStyle[sdk=iphoneos*]" = UIStatusBarStyleDefault;
				"INFOPLIST_KEY_UIStatusBarStyle[sdk=iphonesimulator*]" = UIStatusBarStyleDefault;
				INFOPLIST_KEY_UISupportedInterfaceOrientations_iPad = "UIInterfaceOrientationPortrait UIInterfaceOrientationPortraitUpsideDown UIInterfaceOrientationLandscapeLeft UIInterfaceOrientationLandscapeRight";
				INFOPLIST_KEY_UISupportedInterfaceOrientations_iPhone = "UIInterfaceOrientationPortrait UIInterfaceOrientationLandscapeLeft UIInterfaceOrientationLandscapeRight";
				IPHONEOS_DEPLOYMENT_TARGET = 17.0;
				LD_RUNPATH_SEARCH_PATHS = "@executable_path/Frameworks";
				"LD_RUNPATH_SEARCH_PATHS[sdk=macosx*]" = "@executable_path/../Frameworks";
				MACOSX_DEPLOYMENT_TARGET = 14.0;
				MARKETING_VERSION = 1.0;
				PRODUCT_BUNDLE_IDENTIFIER = me.Trumbly.Austin.GiftCardWallet;
				PRODUCT_NAME = "$(TARGET_NAME)";
				SDKROOT = auto;
				SUPPORTED_PLATFORMS = "iphoneos iphonesimulator macosx";
				SWIFT_EMIT_LOC_STRINGS = YES;
				SWIFT_VERSION = 5.0;
				TARGETED_DEVICE_FAMILY = "1,2";
			};
			name = Release;
		};
/* End XCBuildConfiguration section */

/* Begin XCConfigurationList section */
		D98D89712C3485E800982E23 /* Build configuration list for PBXProject "GiftCardWallet" */ = {
			isa = XCConfigurationList;
			buildConfigurations = (
				D98D89832C3485EA00982E23 /* Debug */,
				D98D89842C3485EA00982E23 /* Release */,
			);
			defaultConfigurationIsVisible = 0;
			defaultConfigurationName = Release;
		};
		D98D89852C3485EA00982E23 /* Build configuration list for PBXNativeTarget "GiftCardWallet" */ = {
			isa = XCConfigurationList;
			buildConfigurations = (
				D98D89862C3485EA00982E23 /* Debug */,
				D98D89872C3485EA00982E23 /* Release */,
			);
			defaultConfigurationIsVisible = 0;
			defaultConfigurationName = Release;
		};
/* End XCConfigurationList section */
	};
	rootObject = D98D896E2C3485E800982E23 /* Project object */;
}
